<?xml version="1.0" encoding="utf-8"?>
<Project ToolsVersion="4.0" xmlns="http://schemas.microsoft.com/developer/msbuild/2003">
  <ItemGroup>
    <Filter Include="Archivos de origen">
      <UniqueIdentifier>{4FC737F1-C7A5-4376-A066-2A32D752A2FF}</UniqueIdentifier>
      <Extensions>cpp;c;cc;cxx;c++;cppm;ixx;def;odl;idl;hpj;bat;asm;asmx</Extensions>
    </Filter>
    <Filter Include="Archivos de encabezado">
      <UniqueIdentifier>{93995380-89BD-4b04-88EB-625FBE52EBFB}</UniqueIdentifier>
      <Extensions>h;hh;hpp;hxx;h++;hm;inl;inc;ipp;xsd</Extensions>
    </Filter>
    <Filter Include="Archivos de recursos">
      <UniqueIdentifier>{67DA6AB6-F800-4c08-8B7A-83BB121AAD01}</UniqueIdentifier>
      <Extensions>rc;ico;cur;bmp;dlg;rc2;rct;bin;rgs;gif;jpg;jpeg;jpe;resx;tiff;tif;png;wav;mfcribbon-ms</Extensions>
    </Filter>
    <Filter Include="Archivos de encabezado\imgui">
      <UniqueIdentifier>{c1f66f2e-bad4-45f8-8ed2-5f2c1a319697}</UniqueIdentifier>
    </Filter>
    <Filter Include="Archivos de origen\imgui">
      <UniqueIdentifier>{412102d6-891e-40e2-934a-8f437f6a598f}</UniqueIdentifier>
    </Filter>
    <Filter Include="Archivos de encabezado\curl">
      <UniqueIdentifier>{76a7d5ef-ed26-4a98-b760-a262444a2beb}</UniqueIdentifier>
    </Filter>
    <Filter Include="Archivos de encabezado\jsoncpp">
      <UniqueIdentifier>{9e870a51-2c40-4940-b17a-b38cd8ffc55f}</UniqueIdentifier>
    </Filter>
    <Filter Include="Archivos de encabezado\documentos">
      <UniqueIdentifier>{8406115a-5094-486d-9ee1-193dbeaf82c5}</UniqueIdentifier>
    </Filter>
    <Filter Include="Archivos de origen\documentos">
      <UniqueIdentifier>{14551566-5784-4eca-aa35-3b468c8942d4}</UniqueIdentifier>
    </Filter>
    <Filter Include="Archivos de origen\helpers">
      <UniqueIdentifier>{d3e05501-10db-471b-983e-fe4bc1eb3136}</UniqueIdentifier>
    </Filter>
    <Filter Include="Archivos de encabezado\helpers">
      <UniqueIdentifier>{a8e33633-2ed9-4921-ba8b-a038796b10d2}</UniqueIdentifier>
    </Filter>
    <Filter Include="Archivos de origen\graph">
      <UniqueIdentifier>{5326e2f4-bdf1-483d-91d0-243fdd875f1d}</UniqueIdentifier>
    </Filter>
    <Filter Include="Archivos de origen\implot">
      <UniqueIdentifier>{c1cc8d95-b0e4-4c1d-aa1c-4f3d84d6bb0c}</UniqueIdentifier>
    </Filter>
    <Filter Include="Archivos de encabezado\implot">
      <UniqueIdentifier>{782bf78d-f3a9-40ea-9a1a-9c87f5d524c8}</UniqueIdentifier>
    </Filter>
    <Filter Include="Archivos de encabezado\graph">
      <UniqueIdentifier>{cdb63f82-ebae-4ece-afdb-71af06b7ee1c}</UniqueIdentifier>
    </Filter>
    <Filter Include="Archivos de encabezado\curlcpp">
      <UniqueIdentifier>{cab76206-8997-487e-ae4b-9121a7ce494e}</UniqueIdentifier>
    </Filter>
    <Filter Include="Archivos de origen\curlcpp">
      <UniqueIdentifier>{8eb2c2fa-d7de-4d7a-b053-4f3664be41bb}</UniqueIdentifier>
    </Filter>
  </ItemGroup>
  <ItemGroup>
    <ClCompile Include="App.cpp">
      <Filter>Archivos de origen</Filter>
    </ClCompile>
    <ClCompile Include="include\imgui\imgui_draw.cpp">
      <Filter>Archivos de origen\imgui</Filter>
    </ClCompile>
    <ClCompile Include="include\imgui\imgui_tables.cpp">
      <Filter>Archivos de origen\imgui</Filter>
    </ClCompile>
    <ClCompile Include="include\imgui\imgui_widgets.cpp">
      <Filter>Archivos de origen\imgui</Filter>
    </ClCompile>
    <ClCompile Include="include\imgui\imgui.cpp">
      <Filter>Archivos de origen\imgui</Filter>
    </ClCompile>
    <ClCompile Include="include\imgui\imgui_demo.cpp">
      <Filter>Archivos de origen\imgui</Filter>
    </ClCompile>
    <ClCompile Include="include\imgui\imgui_impl_win32.cpp">
      <Filter>Archivos de origen\imgui</Filter>
    </ClCompile>
    <ClCompile Include="src\login\Login.cpp">
      <Filter>Archivos de origen</Filter>
    </ClCompile>
    <ClCompile Include="Router.cpp">
      <Filter>Archivos de origen</Filter>
    </ClCompile>
    <ClCompile Include="include\imgui\imgui_stdlib.cpp">
      <Filter>Archivos de origen\imgui</Filter>
    </ClCompile>
    <ClCompile Include="AppState.cpp">
      <Filter>Archivos de origen</Filter>
    </ClCompile>
    <ClCompile Include="src\jsoncpp\jsoncpp.cpp">
      <Filter>Archivos de origen</Filter>
    </ClCompile>
    <ClCompile Include="src\documentos\Documentos.cpp">
      <Filter>Archivos de origen\documentos</Filter>
    </ClCompile>
    <ClCompile Include="src\helpers\ApiHelper.cpp">
      <Filter>Archivos de origen\helpers</Filter>
    </ClCompile>
    <ClCompile Include="src\helpers\FormatNumber.cpp">
      <Filter>Archivos de origen\helpers</Filter>
    </ClCompile>
    <ClCompile Include="include\imgui\imgui_impl_glfw.cpp">
      <Filter>Archivos de origen\imgui</Filter>
    </ClCompile>
    <ClCompile Include="include\imgui\imgui_impl_vulkan.cpp">
      <Filter>Archivos de origen\imgui</Filter>
    </ClCompile>
    <ClCompile Include="src\Config.cpp">
      <Filter>Archivos de origen</Filter>
    </ClCompile>
    <ClCompile Include="src\documentos\SingleDoc.cpp">
      <Filter>Archivos de origen\documentos</Filter>
    </ClCompile>
    <ClCompile Include="src\helpers\imguidatechooser.cpp">
      <Filter>Archivos de origen\helpers</Filter>
    </ClCompile>
    <ClCompile Include="src\documentos\TipoDocPicker.cpp">
      <Filter>Archivos de origen\documentos</Filter>
    </ClCompile>
    <ClCompile Include="src\documentos\CategoriaPicker.cpp">
      <Filter>Archivos de origen\documentos</Filter>
    </ClCompile>
    <ClCompile Include="src\helpers\Utilities.cpp">
      <Filter>Archivos de origen\helpers</Filter>
    </ClCompile>
    <ClCompile Include="src\graph\CategoryGraph.cpp">
      <Filter>Archivos de origen\graph</Filter>
    </ClCompile>
    <ClCompile Include="include\implot\implot_items.cpp">
      <Filter>Archivos de origen\implot</Filter>
    </ClCompile>
    <ClCompile Include="include\implot\implot.cpp">
      <Filter>Archivos de origen\implot</Filter>
    </ClCompile>
    <ClCompile Include="include\implot\implot_demo.cpp">
      <Filter>Archivos de origen\implot</Filter>
    </ClCompile>
    <ClCompile Include="src\helpers\TimerC.cpp">
      <Filter>Archivos de origen\helpers</Filter>
    </ClCompile>
    <ClCompile Include="src\graph\TimeGraph.cpp">
      <Filter>Archivos de origen\graph</Filter>
    </ClCompile>
    <ClCompile Include="src\helpers\FileLogger.cpp">
      <Filter>Archivos de origen\helpers</Filter>
    </ClCompile>
    <ClCompile Include="src\helpers\ApiHelperC.cpp">
      <Filter>Archivos de origen\helpers</Filter>
    </ClCompile>
    <ClCompile Include="include\curlcpp\curl_easy.cpp">
      <Filter>Archivos de origen\curlcpp</Filter>
    </ClCompile>
    <ClCompile Include="include\curlcpp\curl_form.cpp">
      <Filter>Archivos de origen\curlcpp</Filter>
    </ClCompile>
    <ClCompile Include="include\curlcpp\curl_exception.cpp">
      <Filter>Archivos de origen\curlcpp</Filter>
    </ClCompile>
  </ItemGroup>
  <ItemGroup>
    <ClInclude Include="include\imgui\imstb_rectpack.h">
      <Filter>Archivos de encabezado\imgui</Filter>
    </ClInclude>
    <ClInclude Include="include\imgui\imstb_textedit.h">
      <Filter>Archivos de encabezado\imgui</Filter>
    </ClInclude>
    <ClInclude Include="include\imgui\imstb_truetype.h">
      <Filter>Archivos de encabezado\imgui</Filter>
    </ClInclude>
    <ClInclude Include="include\imgui\imconfig.h">
      <Filter>Archivos de encabezado\imgui</Filter>
    </ClInclude>
    <ClInclude Include="include\imgui\imgui.h">
      <Filter>Archivos de encabezado\imgui</Filter>
    </ClInclude>
    <ClInclude Include="include\imgui\imgui_internal.h">
      <Filter>Archivos de encabezado\imgui</Filter>
    </ClInclude>
    <ClInclude Include="include\imgui\imgui_impl_win32.h">
      <Filter>Archivos de encabezado\imgui</Filter>
    </ClInclude>
    <ClInclude Include="AppState.h">
      <Filter>Archivos de encabezado</Filter>
    </ClInclude>
    <ClInclude Include="src\login\Login.h">
      <Filter>Archivos de encabezado</Filter>
    </ClInclude>
    <ClInclude Include="Router.h">
      <Filter>Archivos de encabezado</Filter>
    </ClInclude>
    <ClInclude Include="include\imgui\imgui_stdlib.h">
      <Filter>Archivos de encabezado\imgui</Filter>
    </ClInclude>
    <ClInclude Include="include\curl\easy.h">
      <Filter>Archivos de encabezado\curl</Filter>
    </ClInclude>
    <ClInclude Include="include\curl\header.h">
      <Filter>Archivos de encabezado\curl</Filter>
    </ClInclude>
    <ClInclude Include="include\curl\mprintf.h">
      <Filter>Archivos de encabezado\curl</Filter>
    </ClInclude>
    <ClInclude Include="include\curl\multi.h">
      <Filter>Archivos de encabezado\curl</Filter>
    </ClInclude>
    <ClInclude Include="include\curl\options.h">
      <Filter>Archivos de encabezado\curl</Filter>
    </ClInclude>
    <ClInclude Include="include\curl\stdcheaders.h">
      <Filter>Archivos de encabezado\curl</Filter>
    </ClInclude>
    <ClInclude Include="include\curl\system.h">
      <Filter>Archivos de encabezado\curl</Filter>
    </ClInclude>
    <ClInclude Include="include\curl\typecheck-gcc.h">
      <Filter>Archivos de encabezado\curl</Filter>
    </ClInclude>
    <ClInclude Include="include\curl\urlapi.h">
      <Filter>Archivos de encabezado\curl</Filter>
    </ClInclude>
    <ClInclude Include="include\curl\websockets.h">
      <Filter>Archivos de encabezado\curl</Filter>
    </ClInclude>
    <ClInclude Include="include\curl\curl.h">
      <Filter>Archivos de encabezado\curl</Filter>
    </ClInclude>
    <ClInclude Include="include\curl\curlver.h">
      <Filter>Archivos de encabezado\curl</Filter>
    </ClInclude>
    <ClInclude Include="include\json\config.h">
      <Filter>Archivos de encabezado\jsoncpp</Filter>
    </ClInclude>
    <ClInclude Include="include\json\forwards.h">
      <Filter>Archivos de encabezado\jsoncpp</Filter>
    </ClInclude>
    <ClInclude Include="include\json\json.h">
      <Filter>Archivos de encabezado\jsoncpp</Filter>
    </ClInclude>
    <ClInclude Include="include\json\json_features.h">
      <Filter>Archivos de encabezado\jsoncpp</Filter>
    </ClInclude>
    <ClInclude Include="include\json\json-forwards.h">
      <Filter>Archivos de encabezado\jsoncpp</Filter>
    </ClInclude>
    <ClInclude Include="include\json\reader.h">
      <Filter>Archivos de encabezado\jsoncpp</Filter>
    </ClInclude>
    <ClInclude Include="include\json\value.h">
      <Filter>Archivos de encabezado\jsoncpp</Filter>
    </ClInclude>
    <ClInclude Include="include\json\version.h">
      <Filter>Archivos de encabezado\jsoncpp</Filter>
    </ClInclude>
    <ClInclude Include="include\json\writer.h">
      <Filter>Archivos de encabezado\jsoncpp</Filter>
    </ClInclude>
    <ClInclude Include="include\json\allocator.h">
      <Filter>Archivos de encabezado\jsoncpp</Filter>
    </ClInclude>
    <ClInclude Include="include\json\assertions.h">
      <Filter>Archivos de encabezado\jsoncpp</Filter>
    </ClInclude>
    <ClInclude Include="src\documentos\Documentos.h">
      <Filter>Archivos de encabezado\documentos</Filter>
    </ClInclude>
    <ClInclude Include="src\helpers\ApiHelper.h">
      <Filter>Archivos de encabezado\helpers</Filter>
    </ClInclude>
    <ClInclude Include="src\helpers\FormatNumber.h">
      <Filter>Archivos de encabezado\helpers</Filter>
    </ClInclude>
    <ClInclude Include="include\imgui\imgui_impl_glfw.h">
      <Filter>Archivos de encabezado\imgui</Filter>
    </ClInclude>
    <ClInclude Include="include\imgui\imgui_impl_vulkan.h">
      <Filter>Archivos de encabezado\imgui</Filter>
    </ClInclude>
    <ClInclude Include="include\GLFW\glfw3.h">
      <Filter>Archivos de encabezado\imgui</Filter>
    </ClInclude>
    <ClInclude Include="src\Config.h">
      <Filter>Archivos de encabezado</Filter>
    </ClInclude>
    <ClInclude Include="src\documentos\SingleDoc.h">
      <Filter>Archivos de encabezado\documentos</Filter>
    </ClInclude>
    <ClInclude Include="resource.h">
      <Filter>Archivos de encabezado</Filter>
    </ClInclude>
    <ClInclude Include="src\helpers\imguidatechooser.h">
      <Filter>Archivos de encabezado\helpers</Filter>
    </ClInclude>
    <ClInclude Include="src\documentos\TipoDocPicker.h">
      <Filter>Archivos de encabezado\documentos</Filter>
    </ClInclude>
    <ClInclude Include="src\documentos\CategoriaPicker.h">
      <Filter>Archivos de encabezado\documentos</Filter>
    </ClInclude>
    <ClInclude Include="src\helpers\Utilities.h">
      <Filter>Archivos de encabezado\helpers</Filter>
    </ClInclude>
    <ClInclude Include="src\helpers\IconsMaterialDesign.h">
      <Filter>Archivos de encabezado\helpers</Filter>
    </ClInclude>
    <ClInclude Include="src\helpers\TimerC.h">
      <Filter>Archivos de encabezado\helpers</Filter>
    </ClInclude>
    <ClInclude Include="include\implot\implot_internal.h">
      <Filter>Archivos de encabezado\implot</Filter>
    </ClInclude>
    <ClInclude Include="include\implot\implot.h">
      <Filter>Archivos de encabezado\implot</Filter>
    </ClInclude>
    <ClInclude Include="src\graph\CategoryGraph.h">
      <Filter>Archivos de encabezado\graph</Filter>
    </ClInclude>
    <ClInclude Include="src\graph\TimeGraph.h">
      <Filter>Archivos de encabezado\graph</Filter>
    </ClInclude>
    <ClInclude Include="src\helpers\ApiHelperC.h">
      <Filter>Archivos de encabezado\helpers</Filter>
    </ClInclude>
    <ClInclude Include="include\curlcpp\curl_easy.h">
      <Filter>Archivos de encabezado\curlcpp</Filter>
    </ClInclude>
    <ClInclude Include="include\curlcpp\curl_ios.h">
      <Filter>Archivos de encabezado\curlcpp</Filter>
    </ClInclude>
    <ClInclude Include="include\curlcpp\curl_pair.h">
      <Filter>Archivos de encabezado\curlcpp</Filter>
    </ClInclude>
    <ClInclude Include="include\curlcpp\curl_config.h">
      <Filter>Archivos de encabezado\curlcpp</Filter>
    </ClInclude>
    <ClInclude Include="include\curlcpp\curl_easy_info.h">
      <Filter>Archivos de encabezado\curlcpp</Filter>
    </ClInclude>
    <ClInclude Include="include\curlcpp\curl_form.h">
      <Filter>Archivos de encabezado\curlcpp</Filter>
    </ClInclude>
    <ClInclude Include="include\curlcpp\curl_interface.h">
      <Filter>Archivos de encabezado\curlcpp</Filter>
    </ClInclude>
    <ClInclude Include="include\curlcpp\curl_exception.h">
      <Filter>Archivos de encabezado\curlcpp</Filter>
    </ClInclude>
  </ItemGroup>
  <ItemGroup>
    <ResourceCompile Include="Resource.rc">
      <Filter>Archivos de recursos</Filter>
    </ResourceCompile>
  </ItemGroup>
  <ItemGroup>
    <Image Include="icon1.ico">
      <Filter>Archivos de recursos</Filter>
    </Image>
    <Image Include="docs\Logo.png">
      <Filter>Archivos de recursos</Filter>
    </Image>
    <Image Include="docs\Logo.ico">
      <Filter>Archivos de recursos</Filter>
    </Image>
  </ItemGroup>
</Project>